
Microsoft Visual Studio Solution File, Format Version 12.00
# Visual Studio Version 17
VisualStudioVersion = 17.5.2.0
MinimumVisualStudioVersion = 10.0.40219.1
Project("{2150E333-8FDC-42A3-9474-1A3956D46DE8}") = "src", "src", "{827E0CD3-B72D-47B6-A68D-7590B98EB39B}"
EndProject
Project("{2150E333-8FDC-42A3-9474-1A3956D46DE8}") = "Domain", "Domain", "{8B290487-4C16-E85E-E807-F579CBE9FC4D}"
EndProject
Project("{FAE04EC0-301F-11D3-BF4B-00C04F79EFBC}") = "documentationAutomationv1.Domain", "src\Domain\documentationAutomationv1.Domain.csproj", "{17801165-ACB1-4BBF-96D1-72DD28BEB5FC}"
EndProject
Project("{2150E333-8FDC-42A3-9474-1A3956D46DE8}") = "Application", "Application", "{22BAF98C-8415-17C4-B26A-D537657BC863}"
EndProject
Project("{FAE04EC0-301F-11D3-BF4B-00C04F79EFBC}") = "documentationAutomationv1.Application", "src\Application\documentationAutomationv1.Application.csproj", "{51D65671-BB23-4569-A757-7DE72602B246}"
EndProject
Project("{2150E333-8FDC-42A3-9474-1A3956D46DE8}") = "Infrastructure", "Infrastructure", "{9048EB7F-3875-A59E-E36B-5BD4C6F2A282}"
EndProject
Project("{FAE04EC0-301F-11D3-BF4B-00C04F79EFBC}") = "documentationAutomationv1.Infrastructure", "src\Infrastructure\documentationAutomationv1.Infrastructure.csproj", "{AF800773-6DBD-4D09-AC0A-0E49A011CEEA}"
EndProject
Project("{2150E333-8FDC-42A3-9474-1A3956D46DE8}") = "Presentation", "Presentation", "{6996BBF7-DB31-59BC-C7DD-9A7CCC6138C4}"
EndProject
Project("{FAE04EC0-301F-11D3-BF4B-00C04F79EFBC}") = "documentationAutomationv1.Presentation", "src\Presentation\documentationAutomationv1.Presentation.csproj", "{E4BBA3D6-42D7-4E48-ABAB-27A7A52D9EBB}"
EndProject
Project("{2150E333-8FDC-42A3-9474-1A3956D46DE8}") = "tests", "tests", "{0AB3BF05-4346-4AA6-1389-037BE0695223}"
EndProject
Project("{2150E333-8FDC-42A3-9474-1A3956D46DE8}") = "Domain.Tests", "Domain.Tests", "{6689DE0C-BD34-81AE-B353-DE31FCF7888B}"
EndProject
Project("{FAE04EC0-301F-11D3-BF4B-00C04F79EFBC}") = "documentationAutomationv1.Domain.Tests", "tests\Domain.Tests\documentationAutomationv1.Domain.Tests.csproj", "{5009DB41-5059-431C-A875-CF6EFE0BF42B}"
EndProject
Project("{2150E333-8FDC-42A3-9474-1A3956D46DE8}") = "Application.Tests", "Application.Tests", "{E54C5156-A79F-F12B-3B9F-7475A4B81BB0}"
EndProject
Project("{FAE04EC0-301F-11D3-BF4B-00C04F79EFBC}") = "documentationAutomationv1.Application.Tests", "tests\Application.Tests\documentationAutomationv1.Application.Tests.csproj", "{B6B5713E-24C0-4F62-A8CB-3E2B44E1443C}"
EndProject
Project("{2150E333-8FDC-42A3-9474-1A3956D46DE8}") = "Infrastructure.Tests", "Infrastructure.Tests", "{88F1B7BB-0385-4DEE-AC2C-E0C003E1F585}"
EndProject
Project("{FAE04EC0-301F-11D3-BF4B-00C04F79EFBC}") = "documentationAutomationv1.Infrastructure.Tests", "tests\Infrastructure.Tests\documentationAutomationv1.Infrastructure.Tests.csproj", "{E1CA4798-A6CB-4A38-82C2-C9EDCC2934E5}"
EndProject
Global
	GlobalSection(SolutionConfigurationPlatforms) = preSolution
		Debug|Any CPU = Debug|Any CPU
		Debug|x64 = Debug|x64
		Debug|x86 = Debug|x86
		Release|Any CPU = Release|Any CPU
		Release|x64 = Release|x64
		Release|x86 = Release|x86
	EndGlobalSection
	GlobalSection(ProjectConfigurationPlatforms) = postSolution
		{17801165-ACB1-4BBF-96D1-72DD28BEB5FC}.Debug|Any CPU.ActiveCfg = Debug|Any CPU
		{17801165-ACB1-4BBF-96D1-72DD28BEB5FC}.Debug|Any CPU.Build.0 = Debug|Any CPU
		{17801165-ACB1-4BBF-96D1-72DD28BEB5FC}.Debug|x64.ActiveCfg = Debug|Any CPU
		{17801165-ACB1-4BBF-96D1-72DD28BEB5FC}.Debug|x64.Build.0 = Debug|Any CPU
		{17801165-ACB1-4BBF-96D1-72DD28BEB5FC}.Debug|x86.ActiveCfg = Debug|Any CPU
		{17801165-ACB1-4BBF-96D1-72DD28BEB5FC}.Debug|x86.Build.0 = Debug|Any CPU
		{17801165-ACB1-4BBF-96D1-72DD28BEB5FC}.Release|Any CPU.ActiveCfg = Release|Any CPU
		{17801165-ACB1-4BBF-96D1-72DD28BEB5FC}.Release|Any CPU.Build.0 = Release|Any CPU
		{17801165-ACB1-4BBF-96D1-72DD28BEB5FC}.Release|x64.ActiveCfg = Release|Any CPU
		{17801165-ACB1-4BBF-96D1-72DD28BEB5FC}.Release|x64.Build.0 = Release|Any CPU
		{17801165-ACB1-4BBF-96D1-72DD28BEB5FC}.Release|x86.ActiveCfg = Release|Any CPU
		{17801165-ACB1-4BBF-96D1-72DD28BEB5FC}.Release|x86.Build.0 = Release|Any CPU
		{51D65671-BB23-4569-A757-7DE72602B246}.Debug|Any CPU.ActiveCfg = Debug|Any CPU
		{51D65671-BB23-4569-A757-7DE72602B246}.Debug|Any CPU.Build.0 = Debug|Any CPU
		{51D65671-BB23-4569-A757-7DE72602B246}.Debug|x64.ActiveCfg = Debug|Any CPU
		{51D65671-BB23-4569-A757-7DE72602B246}.Debug|x64.Build.0 = Debug|Any CPU
		{51D65671-BB23-4569-A757-7DE72602B246}.Debug|x86.ActiveCfg = Debug|Any CPU
		{51D65671-BB23-4569-A757-7DE72602B246}.Debug|x86.Build.0 = Debug|Any CPU
		{51D65671-BB23-4569-A757-7DE72602B246}.Release|Any CPU.ActiveCfg = Release|Any CPU
		{51D65671-BB23-4569-A757-7DE72602B246}.Release|Any CPU.Build.0 = Release|Any CPU
		{51D65671-BB23-4569-A757-7DE72602B246}.Release|x64.ActiveCfg = Release|Any CPU
		{51D65671-BB23-4569-A757-7DE72602B246}.Release|x64.Build.0 = Release|Any CPU
		{51D65671-BB23-4569-A757-7DE72602B246}.Release|x86.ActiveCfg = Release|Any CPU
		{51D65671-BB23-4569-A757-7DE72602B246}.Release|x86.Build.0 = Release|Any CPU
		{AF800773-6DBD-4D09-AC0A-0E49A011CEEA}.Debug|Any CPU.ActiveCfg = Debug|Any CPU
		{AF800773-6DBD-4D09-AC0A-0E49A011CEEA}.Debug|Any CPU.Build.0 = Debug|Any CPU
		{AF800773-6DBD-4D09-AC0A-0E49A011CEEA}.Debug|x64.ActiveCfg = Debug|Any CPU
		{AF800773-6DBD-4D09-AC0A-0E49A011CEEA}.Debug|x64.Build.0 = Debug|Any CPU
		{AF800773-6DBD-4D09-AC0A-0E49A011CEEA}.Debug|x86.ActiveCfg = Debug|Any CPU
		{AF800773-6DBD-4D09-AC0A-0E49A011CEEA}.Debug|x86.Build.0 = Debug|Any CPU
		{AF800773-6DBD-4D09-AC0A-0E49A011CEEA}.Release|Any CPU.ActiveCfg = Release|Any CPU
		{AF800773-6DBD-4D09-AC0A-0E49A011CEEA}.Release|Any CPU.Build.0 = Release|Any CPU
		{AF800773-6DBD-4D09-AC0A-0E49A011CEEA}.Release|x64.ActiveCfg = Release|Any CPU
		{AF800773-6DBD-4D09-AC0A-0E49A011CEEA}.Release|x64.Build.0 = Release|Any CPU
		{AF800773-6DBD-4D09-AC0A-0E49A011CEEA}.Release|x86.ActiveCfg = Release|Any CPU
		{AF800773-6DBD-4D09-AC0A-0E49A011CEEA}.Release|x86.Build.0 = Release|Any CPU
		{E4BBA3D6-42D7-4E48-ABAB-27A7A52D9EBB}.Debug|Any CPU.ActiveCfg = Debug|Any CPU
		{E4BBA3D6-42D7-4E48-ABAB-27A7A52D9EBB}.Debug|Any CPU.Build.0 = Debug|Any CPU
		{E4BBA3D6-42D7-4E48-ABAB-27A7A52D9EBB}.Debug|x64.ActiveCfg = Debug|Any CPU
		{E4BBA3D6-42D7-4E48-ABAB-27A7A52D9EBB}.Debug|x64.Build.0 = Debug|Any CPU
		{E4BBA3D6-42D7-4E48-ABAB-27A7A52D9EBB}.Debug|x86.ActiveCfg = Debug|Any CPU
		{E4BBA3D6-42D7-4E48-ABAB-27A7A52D9EBB}.Debug|x86.Build.0 = Debug|Any CPU
		{E4BBA3D6-42D7-4E48-ABAB-27A7A52D9EBB}.Release|Any CPU.ActiveCfg = Release|Any CPU
		{E4BBA3D6-42D7-4E48-ABAB-27A7A52D9EBB}.Release|Any CPU.Build.0 = Release|Any CPU
		{E4BBA3D6-42D7-4E48-ABAB-27A7A52D9EBB}.Release|x64.ActiveCfg = Release|Any CPU
		{E4BBA3D6-42D7-4E48-ABAB-27A7A52D9EBB}.Release|x64.Build.0 = Release|Any CPU
		{E4BBA3D6-42D7-4E48-ABAB-27A7A52D9EBB}.Release|x86.ActiveCfg = Release|Any CPU
		{E4BBA3D6-42D7-4E48-ABAB-27A7A52D9EBB}.Release|x86.Build.0 = Release|Any CPU
		{5009DB41-5059-431C-A875-CF6EFE0BF42B}.Debug|Any CPU.ActiveCfg = Debug|Any CPU
		{5009DB41-5059-431C-A875-CF6EFE0BF42B}.Debug|Any CPU.Build.0 = Debug|Any CPU
		{5009DB41-5059-431C-A875-CF6EFE0BF42B}.Debug|x64.ActiveCfg = Debug|Any CPU
		{5009DB41-5059-431C-A875-CF6EFE0BF42B}.Debug|x64.Build.0 = Debug|Any CPU
		{5009DB41-5059-431C-A875-CF6EFE0BF42B}.Debug|x86.ActiveCfg = Debug|Any CPU
		{5009DB41-5059-431C-A875-CF6EFE0BF42B}.Debug|x86.Build.0 = Debug|Any CPU
		{5009DB41-5059-431C-A875-CF6EFE0BF42B}.Release|Any CPU.ActiveCfg = Release|Any CPU
		{5009DB41-5059-431C-A875-CF6EFE0BF42B}.Release|Any CPU.Build.0 = Release|Any CPU
		{5009DB41-5059-431C-A875-CF6EFE0BF42B}.Release|x64.ActiveCfg = Release|Any CPU
		{5009DB41-5059-431C-A875-CF6EFE0BF42B}.Release|x64.Build.0 = Release|Any CPU
		{5009DB41-5059-431C-A875-CF6EFE0BF42B}.Release|x86.ActiveCfg = Release|Any CPU
		{5009DB41-5059-431C-A875-CF6EFE0BF42B}.Release|x86.Build.0 = Release|Any CPU
		{B6B5713E-24C0-4F62-A8CB-3E2B44E1443C}.Debug|Any CPU.ActiveCfg = Debug|Any CPU
		{B6B5713E-24C0-4F62-A8CB-3E2B44E1443C}.Debug|Any CPU.Build.0 = Debug|Any CPU
		{B6B5713E-24C0-4F62-A8CB-3E2B44E1443C}.Debug|x64.ActiveCfg = Debug|Any CPU
		{B6B5713E-24C0-4F62-A8CB-3E2B44E1443C}.Debug|x64.Build.0 = Debug|Any CPU
		{B6B5713E-24C0-4F62-A8CB-3E2B44E1443C}.Debug|x86.ActiveCfg = Debug|Any CPU
		{B6B5713E-24C0-4F62-A8CB-3E2B44E1443C}.Debug|x86.Build.0 = Debug|Any CPU
		{B6B5713E-24C0-4F62-A8CB-3E2B44E1443C}.Release|Any CPU.ActiveCfg = Release|Any CPU
		{B6B5713E-24C0-4F62-A8CB-3E2B44E1443C}.Release|Any CPU.Build.0 = Release|Any CPU
		{B6B5713E-24C0-4F62-A8CB-3E2B44E1443C}.Release|x64.ActiveCfg = Release|Any CPU
		{B6B5713E-24C0-4F62-A8CB-3E2B44E1443C}.Release|x64.Build.0 = Release|Any CPU
		{B6B5713E-24C0-4F62-A8CB-3E2B44E1443C}.Release|x86.ActiveCfg = Release|Any CPU
		{B6B5713E-24C0-4F62-A8CB-3E2B44E1443C}.Release|x86.Build.0 = Release|Any CPU
		{E1CA4798-A6CB-4A38-82C2-C9EDCC2934E5}.Debug|Any CPU.ActiveCfg = Debug|Any CPU
		{E1CA4798-A6CB-4A38-82C2-C9EDCC2934E5}.Debug|Any CPU.Build.0 = Debug|Any CPU
		{E1CA4798-A6CB-4A38-82C2-C9EDCC2934E5}.Debug|x64.ActiveCfg = Debug|Any CPU
		{E1CA4798-A6CB-4A38-82C2-C9EDCC2934E5}.Debug|x64.Build.0 = Debug|Any CPU
		{E1CA4798-A6CB-4A38-82C2-C9EDCC2934E5}.Debug|x86.ActiveCfg = Debug|Any CPU
		{E1CA4798-A6CB-4A38-82C2-C9EDCC2934E5}.Debug|x86.Build.0 = Debug|Any CPU
		{E1CA4798-A6CB-4A38-82C2-C9EDCC2934E5}.Release|Any CPU.ActiveCfg = Release|Any CPU
		{E1CA4798-A6CB-4A38-82C2-C9EDCC2934E5}.Release|Any CPU.Build.0 = Release|Any CPU
		{E1CA4798-A6CB-4A38-82C2-C9EDCC2934E5}.Release|x64.ActiveCfg = Release|Any CPU
		{E1CA4798-A6CB-4A38-82C2-C9EDCC2934E5}.Release|x64.Build.0 = Release|Any CPU
		{E1CA4798-A6CB-4A38-82C2-C9EDCC2934E5}.Release|x86.ActiveCfg = Release|Any CPU
		{E1CA4798-A6CB-4A38-82C2-C9EDCC2934E5}.Release|x86.Build.0 = Release|Any CPU
	EndGlobalSection
	GlobalSection(SolutionProperties) = preSolution
		HideSolutionNode = FALSE
	EndGlobalSection
	GlobalSection(NestedProjects) = preSolution
		{8B290487-4C16-E85E-E807-F579CBE9FC4D} = {827E0CD3-B72D-47B6-A68D-7590B98EB39B}
		{17801165-ACB1-4BBF-96D1-72DD28BEB5FC} = {8B290487-4C16-E85E-E807-F579CBE9FC4D}
		{22BAF98C-8415-17C4-B26A-D537657BC863} = {827E0CD3-B72D-47B6-A68D-7590B98EB39B}
		{51D65671-BB23-4569-A757-7DE72602B246} = {22BAF98C-8415-17C4-B26A-D537657BC863}
		{9048EB7F-3875-A59E-E36B-5BD4C6F2A282} = {827E0CD3-B72D-47B6-A68D-7590B98EB39B}
		{AF800773-6DBD-4D09-AC0A-0E49A011CEEA} = {9048EB7F-3875-A59E-E36B-5BD4C6F2A282}
		{6996BBF7-DB31-59BC-C7DD-9A7CCC6138C4} = {827E0CD3-B72D-47B6-A68D-7590B98EB39B}
		{E4BBA3D6-42D7-4E48-ABAB-27A7A52D9EBB} = {6996BBF7-DB31-59BC-C7DD-9A7CCC6138C4}
		{6689DE0C-BD34-81AE-B353-DE31FCF7888B} = {0AB3BF05-4346-4AA6-1389-037BE0695223}
		{5009DB41-5059-431C-A875-CF6EFE0BF42B} = {6689DE0C-BD34-81AE-B353-DE31FCF7888B}
		{E54C5156-A79F-F12B-3B9F-7475A4B81BB0} = {0AB3BF05-4346-4AA6-1389-037BE0695223}
		{B6B5713E-24C0-4F62-A8CB-3E2B44E1443C} = {E54C5156-A79F-F12B-3B9F-7475A4B81BB0}
		{88F1B7BB-0385-4DEE-AC2C-E0C003E1F585} = {0AB3BF05-4346-4AA6-1389-037BE0695223}
		{E1CA4798-A6CB-4A38-82C2-C9EDCC2934E5} = {88F1B7BB-0385-4DEE-AC2C-E0C003E1F585}
	EndGlobalSection
	GlobalSection(ExtensibilityGlobals) = postSolution
		SolutionGuid = {ED55E96B-CAC9-40AB-9274-917406E910E7}
	EndGlobalSection
EndGlobal
